
Microsoft Visual Studio Solution File, Format Version 12.00
# Visual Studio Version 16
VisualStudioVersion = 16.0.31515.178
MinimumVisualStudioVersion = 10.0.40219.1
Project("{FAE04EC0-301F-11D3-BF4B-00C04F79EFBC}") = "TreinoAspNetCore", "TreinoAspNetCore\TreinoAspNetCore.csproj", "{2EC561E1-B870-442C-A4F7-E75B3EA7E356}"
EndProject
Global
	GlobalSection(SolutionConfigurationPlatforms) = preSolution
		Debug|Any CPU = Debug|Any CPU
		Release|Any CPU = Release|Any CPU
	EndGlobalSection
	GlobalSection(ProjectConfigurationPlatforms) = postSolution
		{2EC561E1-B870-442C-A4F7-E75B3EA7E356}.Debug|Any CPU.ActiveCfg = Debug|Any CPU
		{2EC561E1-B870-442C-A4F7-E75B3EA7E356}.Debug|Any CPU.Build.0 = Debug|Any CPU
		{2EC561E1-B870-442C-A4F7-E75B3EA7E356}.Release|Any CPU.ActiveCfg = Release|Any CPU
		{2EC561E1-B870-442C-A4F7-E75B3EA7E356}.Release|Any CPU.Build.0 = Release|Any CPU
	EndGlobalSection
	GlobalSection(SolutionProperties) = preSolution
		HideSolutionNode = FALSE
	EndGlobalSection
	GlobalSection(ExtensibilityGlobals) = postSolution
		SolutionGuid = {328524D0-3EF7-48AA-A609-F16B8BCD9A8C}
	EndGlobalSection
EndGlobal
